
Microsoft Visual Studio Solution File, Format Version 12.00
# Visual Studio Version 17
VisualStudioVersion = 17.2.32630.192
MinimumVisualStudioVersion = 10.0.40219.1
Project("{FAE04EC0-301F-11D3-BF4B-00C04F79EFBC}") = "exoMethode", "exoMethode\exoMethode.csproj", "{02B434ED-E355-422F-AC54-B2B5B4B89EF6}"
EndProject
Global
	GlobalSection(SolutionConfigurationPlatforms) = preSolution
		Debug|Any CPU = Debug|Any CPU
		Release|Any CPU = Release|Any CPU
	EndGlobalSection
	GlobalSection(ProjectConfigurationPlatforms) = postSolution
		{02B434ED-E355-422F-AC54-B2B5B4B89EF6}.Debug|Any CPU.ActiveCfg = Debug|Any CPU
		{02B434ED-E355-422F-AC54-B2B5B4B89EF6}.Debug|Any CPU.Build.0 = Debug|Any CPU
		{02B434ED-E355-422F-AC54-B2B5B4B89EF6}.Release|Any CPU.ActiveCfg = Release|Any CPU
		{02B434ED-E355-422F-AC54-B2B5B4B89EF6}.Release|Any CPU.Build.0 = Release|Any CPU
	EndGlobalSection
	GlobalSection(SolutionProperties) = preSolution
		HideSolutionNode = FALSE
	EndGlobalSection
	GlobalSection(ExtensibilityGlobals) = postSolution
		SolutionGuid = {ED36AE8A-2189-491E-A898-CB44244BA08E}
	EndGlobalSection
EndGlobal
